
Microsoft Visual Studio Solution File, Format Version 12.00
# Visual Studio Version 17
VisualStudioVersion = 17.2.32505.173
MinimumVisualStudioVersion = 10.0.40219.1
Project("{2150E333-8FDC-42A3-9474-1A3956D46DE8}") = "src", "src", "{CFDE77EF-8C1A-405B-9993-065A03D043BF}"
EndProject
Project("{FAE04EC0-301F-11D3-BF4B-00C04F79EFBC}") = "Lesson1", "src\Lesson1\Lesson1.csproj", "{D6A6BEEF-8434-4EAB-95B0-3E16D0659BF4}"
EndProject
Project("{FAE04EC0-301F-11D3-BF4B-00C04F79EFBC}") = "ORM_SQL_Isolation", "src\Lesson2\ORM_SQL_Isolation.csproj", "{29CE4430-2582-4008-A18B-2B31E5503DCE}"
EndProject
Project("{FAE04EC0-301F-11D3-BF4B-00C04F79EFBC}") = "EF_Core_Approaches", "src\Lesson4\EF_Core_Approaches.csproj", "{3E5B168F-7784-409D-A386-D93B517505F5}"
EndProject
Project("{FAE04EC0-301F-11D3-BF4B-00C04F79EFBC}") = "OnConfiguring", "src\Lesson5\OnConfiguring.csproj", "{EF54210E-5695-4F64-BE53-667183D08C1A}"
EndProject
Project("{FAE04EC0-301F-11D3-BF4B-00C04F79EFBC}") = "Writing_Data", "src\Lesson6\Writing_Data.csproj", "{ABB999E7-F29F-4B5D-8C77-48B3EF5682E8}"
EndProject
Project("{FAE04EC0-301F-11D3-BF4B-00C04F79EFBC}") = "Modifying_Data", "src\Lesson7\Modifying_Data.csproj", "{BE0D252E-2EE8-41C1-B784-9DD8E2191752}"
EndProject
Project("{FAE04EC0-301F-11D3-BF4B-00C04F79EFBC}") = "Deleting_Data", "src\Lesson8\Deleting_Data.csproj", "{02B1E47D-2437-4715-AC3F-8BF8C8769A9B}"
EndProject
Project("{FAE04EC0-301F-11D3-BF4B-00C04F79EFBC}") = "IEnumerable_IQueryable", "src\Lesson9\IEnumerable_IQueryable.csproj", "{FDCA3A08-CF9D-45C5-A9A3-7BE00144CA2D}"
EndProject
Project("{FAE04EC0-301F-11D3-BF4B-00C04F79EFBC}") = "Fetching_Multiple_Objects", "src\Lesson10\Fetching_Multiple_Objects.csproj", "{C8B6CAF3-512C-45E9-86AF-73D28B15FFDB}"
EndProject
Project("{FAE04EC0-301F-11D3-BF4B-00C04F79EFBC}") = "Fetching_Single_Object", "src\Lesson11\Fetching_Single_Object.csproj", "{74A0873A-227D-4C8C-B79D-44A9E13A7E89}"
EndProject
Project("{FAE04EC0-301F-11D3-BF4B-00C04F79EFBC}") = "Other_Querying_Methods", "src\Lesson12\Other_Querying_Methods.csproj", "{21FD63D0-D27C-42A1-8415-693C270DC476}"
EndProject
Project("{FAE04EC0-301F-11D3-BF4B-00C04F79EFBC}") = "ToDictionary_ToArray_Select_SelectMany_GroupBy", "src\Lesson13\ToDictionary_ToArray_Select_SelectMany_GroupBy.csproj", "{1631F576-5D3D-40F4-AFCE-13D731E5347F}"
EndProject
Project("{FAE04EC0-301F-11D3-BF4B-00C04F79EFBC}") = "Change_Tracking", "src\Lesson14\Change_Tracking.csproj", "{916EEC59-3362-457D-A6CF-C0A8214B8764}"
EndProject
Project("{FAE04EC0-301F-11D3-BF4B-00C04F79EFBC}") = "Change_Tracking_2", "src\Lesson15\Change_Tracking_2.csproj", "{8B639158-49CB-464C-8B9F-B1932A7CDDBD}"
EndProject
Project("{FAE04EC0-301F-11D3-BF4B-00C04F79EFBC}") = "Basic_Concepts_of_Relational_Database", "src\Lesson16\Basic_Concepts_of_Relational_Database.csproj", "{B8C96422-9863-40D4-8D69-A6DD15D85612}"
EndProject
Project("{FAE04EC0-301F-11D3-BF4B-00C04F79EFBC}") = "One_to_One_Relationship", "src\Lesson17\One_to_One_Relationship.csproj", "{63FEB362-4DBD-474D-90D9-D1A711315CC4}"
EndProject
Project("{FAE04EC0-301F-11D3-BF4B-00C04F79EFBC}") = "One_to_Many_Relationship", "src\Lesson18\One_to_Many_Relationship.csproj", "{1F5B6CB9-6EDA-49DB-A689-E18C85CBD22E}"
EndProject
Project("{FAE04EC0-301F-11D3-BF4B-00C04F79EFBC}") = "Many_to_Many_Relationship", "src\Lesson19\Many_to_Many_Relationship.csproj", "{2349144E-B699-429D-BEC3-CC37ECBD7F6A}"
EndProject
Project("{FAE04EC0-301F-11D3-BF4B-00C04F79EFBC}") = "Data_Adding_Behaviors_in_Relational_Scenarios", "src\Lesson20\Data_Adding_Behaviors_in_Relational_Scenarios.csproj", "{448BCFC5-5566-4E28-B6D5-1C102F7A474A}"
EndProject
Project("{FAE04EC0-301F-11D3-BF4B-00C04F79EFBC}") = "Data_Modifying_Behaviors_in_Relational_Scenarios", "src\Lesson21\Data_Modifying_Behaviors_in_Relational_Scenarios.csproj", "{84CECCFF-7292-43F4-AFC8-53800FA4A226}"
EndProject
Project("{FAE04EC0-301F-11D3-BF4B-00C04F79EFBC}") = "Data_Deleting_Behaviors_in_Relational_Scenarios", "src\Lesson22\Data_Deleting_Behaviors_in_Relational_Scenarios.csproj", "{FDF7B324-C4B3-4BFD-9F30-6FDDFC2A1BD7}"
EndProject
Project("{FAE04EC0-301F-11D3-BF4B-00C04F79EFBC}") = "Customizing_Entity_Configurations1", "src\Lesson23\Customizing_Entity_Configurations1.csproj", "{71E71778-6591-49B7-A3FD-926F7A910B79}"
EndProject
Project("{FAE04EC0-301F-11D3-BF4B-00C04F79EFBC}") = "Customizing_Entity_Configurations2", "src\Lesson24\Customizing_Entity_Configurations2.csproj", "{FE575DFD-703A-4950-AF25-FCB52653304A}"
EndProject
Project("{FAE04EC0-301F-11D3-BF4B-00C04F79EFBC}") = "Generated_Values_Configuration", "src\Lesson25\Generated_Values_Configuration.csproj", "{4846DA8D-5300-463F-A3F3-344114C7357D}"
EndProject
Project("{FAE04EC0-301F-11D3-BF4B-00C04F79EFBC}") = "Generic_IEntityTypeConfiguration_Interface", "src\Lesson26\Generic_IEntityTypeConfiguration_Interface.csproj", "{B2173657-A3D4-4FA3-A3C2-1D7DA87A2350}"
EndProject
Project("{FAE04EC0-301F-11D3-BF4B-00C04F79EFBC}") = "Data_Seeding", "src\Lesson27\Data_Seeding.csproj", "{356F23C8-BC6B-4918-9648-187D66C0EEC6}"
EndProject
Project("{FAE04EC0-301F-11D3-BF4B-00C04F79EFBC}") = "Inheritance", "src\Lesson28\Inheritance.csproj", "{72D965E6-2B26-47C6-92AB-6E8D67AA7156}"
EndProject
Project("{FAE04EC0-301F-11D3-BF4B-00C04F79EFBC}") = "Table_per_hierarchy", "src\Lesson29\Table_per_hierarchy.csproj", "{0F879CB6-EDFD-45BC-8FDE-0DF31D50CB5F}"
EndProject
Project("{FAE04EC0-301F-11D3-BF4B-00C04F79EFBC}") = "Table_per_type", "src\Lesson30\Table_per_type.csproj", "{66D35F26-A562-45FE-B76A-EE2363237957}"
EndProject
Project("{FAE04EC0-301F-11D3-BF4B-00C04F79EFBC}") = "Table_per_concrete_type", "src\Lesson31\Table_per_concrete_type.csproj", "{D43091A4-475A-47DF-B1B8-F9DCD729164B}"
EndProject
Project("{FAE04EC0-301F-11D3-BF4B-00C04F79EFBC}") = "Constraints", "src\Lesson32\Constraints.csproj", "{641314B2-A65C-4631-B936-56311BA918C2}"
EndProject
Project("{FAE04EC0-301F-11D3-BF4B-00C04F79EFBC}") = "Indexes", "src\Lesson33\Indexes.csproj", "{D7EC36B5-7845-41E2-891D-4E1859CDCBFF}"
EndProject
Project("{FAE04EC0-301F-11D3-BF4B-00C04F79EFBC}") = "Sequences", "src\Lesson34\Sequences.csproj", "{3A1F3683-0337-465F-BFED-EC502C52ABF8}"
EndProject
Project("{FAE04EC0-301F-11D3-BF4B-00C04F79EFBC}") = "Eager_Loading", "src\Lesson35\Eager_Loading.csproj", "{A1F2E5E9-F40A-40A9-A060-4431C8E6F37B}"
EndProject
Project("{FAE04EC0-301F-11D3-BF4B-00C04F79EFBC}") = "Explicit_Loading", "src\Lesson36\Explicit_Loading.csproj", "{D8F67954-1F30-46F1-81DA-AF8CF610689B}"
EndProject
Project("{FAE04EC0-301F-11D3-BF4B-00C04F79EFBC}") = "Lazy_Loading", "src\Lesson37\Lazy_Loading.csproj", "{CA1D2B04-18F2-4CED-974B-C15690CB20BB}"
EndProject
Project("{FAE04EC0-301F-11D3-BF4B-00C04F79EFBC}") = "Join_Practice", "src\Lesson38\Practice\Join_Practice.csproj", "{6A6E81B7-79C8-44A4-8730-A7EFBD547F75}"
EndProject
Project("{FAE04EC0-301F-11D3-BF4B-00C04F79EFBC}") = "Complex_Relational_Queries", "src\Lesson38\Complex_Relational_Queries.csproj", "{1E7E8706-70E2-4157-8DB1-2879823E9D2D}"
EndProject
Project("{FAE04EC0-301F-11D3-BF4B-00C04F79EFBC}") = "Raw_SQL_Queries", "src\Lesson39\Raw_SQL_Queries.csproj", "{A5413CE7-99AA-4EB3-91BA-5F7C74123030}"
EndProject
Project("{FAE04EC0-301F-11D3-BF4B-00C04F79EFBC}") = "Raw_SQL_Practice", "src\Lesson39\Practice\Raw_SQL_Practice.csproj", "{742E9452-7726-43C4-B04F-58D123982C99}"
EndProject
Project("{FAE04EC0-301F-11D3-BF4B-00C04F79EFBC}") = "View", "src\Lesson40\View.csproj", "{6EC7500F-9280-43DD-8C75-91EDEE718CEA}"
EndProject
Project("{FAE04EC0-301F-11D3-BF4B-00C04F79EFBC}") = "Stored_Procedures", "src\Lesson41\Stored_Procedures.csproj", "{5703D319-C9FB-4B15-B090-9B2E26067B65}"
EndProject
Project("{FAE04EC0-301F-11D3-BF4B-00C04F79EFBC}") = "Functions", "src\Lesson42\Functions.csproj", "{151DA4A7-C449-48B7-8264-CDDD5147FFA3}"
EndProject
Project("{FAE04EC0-301F-11D3-BF4B-00C04F79EFBC}") = "DbContext.Database_Property", "src\Lesson43\DbContext.Database_Property.csproj", "{99B33A52-CA60-4CE9-99CA-50A7DF1D06D7}"
EndProject
Project("{FAE04EC0-301F-11D3-BF4B-00C04F79EFBC}") = "Simple_Logging", "src\Lesson44\Simple_Logging.csproj", "{6F9D8651-C9D0-4958-843D-B8AF1319A58D}"
EndProject
Project("{FAE04EC0-301F-11D3-BF4B-00C04F79EFBC}") = "Query_Tags", "src\Lesson45\Query_Tags.csproj", "{CE20D9A0-49E8-42D2-AEEE-6E5DD19686BB}"
EndProject
Project("{FAE04EC0-301F-11D3-BF4B-00C04F79EFBC}") = "Owned_Entities", "src\Lesson46\Owned_Entities.csproj", "{8080C78E-23BB-4C20-AA70-998B2F6F2BE3}"
EndProject
Project("{FAE04EC0-301F-11D3-BF4B-00C04F79EFBC}") = "Keyless_Entity", "src\Lesson47\Keyless_Entity.csproj", "{DEB24B24-0649-4EE5-82A3-1C42DE2DBCEE}"
EndProject
Global
	GlobalSection(SolutionConfigurationPlatforms) = preSolution
		Debug|Any CPU = Debug|Any CPU
		Release|Any CPU = Release|Any CPU
	EndGlobalSection
	GlobalSection(ProjectConfigurationPlatforms) = postSolution
		{D6A6BEEF-8434-4EAB-95B0-3E16D0659BF4}.Debug|Any CPU.ActiveCfg = Debug|Any CPU
		{D6A6BEEF-8434-4EAB-95B0-3E16D0659BF4}.Debug|Any CPU.Build.0 = Debug|Any CPU
		{D6A6BEEF-8434-4EAB-95B0-3E16D0659BF4}.Release|Any CPU.ActiveCfg = Release|Any CPU
		{D6A6BEEF-8434-4EAB-95B0-3E16D0659BF4}.Release|Any CPU.Build.0 = Release|Any CPU
		{29CE4430-2582-4008-A18B-2B31E5503DCE}.Debug|Any CPU.ActiveCfg = Debug|Any CPU
		{29CE4430-2582-4008-A18B-2B31E5503DCE}.Debug|Any CPU.Build.0 = Debug|Any CPU
		{29CE4430-2582-4008-A18B-2B31E5503DCE}.Release|Any CPU.ActiveCfg = Release|Any CPU
		{29CE4430-2582-4008-A18B-2B31E5503DCE}.Release|Any CPU.Build.0 = Release|Any CPU
		{3E5B168F-7784-409D-A386-D93B517505F5}.Debug|Any CPU.ActiveCfg = Debug|Any CPU
		{3E5B168F-7784-409D-A386-D93B517505F5}.Debug|Any CPU.Build.0 = Debug|Any CPU
		{3E5B168F-7784-409D-A386-D93B517505F5}.Release|Any CPU.ActiveCfg = Release|Any CPU
		{3E5B168F-7784-409D-A386-D93B517505F5}.Release|Any CPU.Build.0 = Release|Any CPU
		{EF54210E-5695-4F64-BE53-667183D08C1A}.Debug|Any CPU.ActiveCfg = Debug|Any CPU
		{EF54210E-5695-4F64-BE53-667183D08C1A}.Debug|Any CPU.Build.0 = Debug|Any CPU
		{EF54210E-5695-4F64-BE53-667183D08C1A}.Release|Any CPU.ActiveCfg = Release|Any CPU
		{EF54210E-5695-4F64-BE53-667183D08C1A}.Release|Any CPU.Build.0 = Release|Any CPU
		{ABB999E7-F29F-4B5D-8C77-48B3EF5682E8}.Debug|Any CPU.ActiveCfg = Debug|Any CPU
		{ABB999E7-F29F-4B5D-8C77-48B3EF5682E8}.Debug|Any CPU.Build.0 = Debug|Any CPU
		{ABB999E7-F29F-4B5D-8C77-48B3EF5682E8}.Release|Any CPU.ActiveCfg = Release|Any CPU
		{ABB999E7-F29F-4B5D-8C77-48B3EF5682E8}.Release|Any CPU.Build.0 = Release|Any CPU
		{BE0D252E-2EE8-41C1-B784-9DD8E2191752}.Debug|Any CPU.ActiveCfg = Debug|Any CPU
		{BE0D252E-2EE8-41C1-B784-9DD8E2191752}.Debug|Any CPU.Build.0 = Debug|Any CPU
		{BE0D252E-2EE8-41C1-B784-9DD8E2191752}.Release|Any CPU.ActiveCfg = Release|Any CPU
		{BE0D252E-2EE8-41C1-B784-9DD8E2191752}.Release|Any CPU.Build.0 = Release|Any CPU
		{02B1E47D-2437-4715-AC3F-8BF8C8769A9B}.Debug|Any CPU.ActiveCfg = Debug|Any CPU
		{02B1E47D-2437-4715-AC3F-8BF8C8769A9B}.Debug|Any CPU.Build.0 = Debug|Any CPU
		{02B1E47D-2437-4715-AC3F-8BF8C8769A9B}.Release|Any CPU.ActiveCfg = Release|Any CPU
		{02B1E47D-2437-4715-AC3F-8BF8C8769A9B}.Release|Any CPU.Build.0 = Release|Any CPU
		{FDCA3A08-CF9D-45C5-A9A3-7BE00144CA2D}.Debug|Any CPU.ActiveCfg = Debug|Any CPU
		{FDCA3A08-CF9D-45C5-A9A3-7BE00144CA2D}.Debug|Any CPU.Build.0 = Debug|Any CPU
		{FDCA3A08-CF9D-45C5-A9A3-7BE00144CA2D}.Release|Any CPU.ActiveCfg = Release|Any CPU
		{FDCA3A08-CF9D-45C5-A9A3-7BE00144CA2D}.Release|Any CPU.Build.0 = Release|Any CPU
		{C8B6CAF3-512C-45E9-86AF-73D28B15FFDB}.Debug|Any CPU.ActiveCfg = Debug|Any CPU
		{C8B6CAF3-512C-45E9-86AF-73D28B15FFDB}.Debug|Any CPU.Build.0 = Debug|Any CPU
		{C8B6CAF3-512C-45E9-86AF-73D28B15FFDB}.Release|Any CPU.ActiveCfg = Release|Any CPU
		{C8B6CAF3-512C-45E9-86AF-73D28B15FFDB}.Release|Any CPU.Build.0 = Release|Any CPU
		{74A0873A-227D-4C8C-B79D-44A9E13A7E89}.Debug|Any CPU.ActiveCfg = Debug|Any CPU
		{74A0873A-227D-4C8C-B79D-44A9E13A7E89}.Debug|Any CPU.Build.0 = Debug|Any CPU
		{74A0873A-227D-4C8C-B79D-44A9E13A7E89}.Release|Any CPU.ActiveCfg = Release|Any CPU
		{74A0873A-227D-4C8C-B79D-44A9E13A7E89}.Release|Any CPU.Build.0 = Release|Any CPU
		{21FD63D0-D27C-42A1-8415-693C270DC476}.Debug|Any CPU.ActiveCfg = Debug|Any CPU
		{21FD63D0-D27C-42A1-8415-693C270DC476}.Debug|Any CPU.Build.0 = Debug|Any CPU
		{21FD63D0-D27C-42A1-8415-693C270DC476}.Release|Any CPU.ActiveCfg = Release|Any CPU
		{21FD63D0-D27C-42A1-8415-693C270DC476}.Release|Any CPU.Build.0 = Release|Any CPU
		{1631F576-5D3D-40F4-AFCE-13D731E5347F}.Debug|Any CPU.ActiveCfg = Debug|Any CPU
		{1631F576-5D3D-40F4-AFCE-13D731E5347F}.Debug|Any CPU.Build.0 = Debug|Any CPU
		{1631F576-5D3D-40F4-AFCE-13D731E5347F}.Release|Any CPU.ActiveCfg = Release|Any CPU
		{1631F576-5D3D-40F4-AFCE-13D731E5347F}.Release|Any CPU.Build.0 = Release|Any CPU
		{916EEC59-3362-457D-A6CF-C0A8214B8764}.Debug|Any CPU.ActiveCfg = Debug|Any CPU
		{916EEC59-3362-457D-A6CF-C0A8214B8764}.Debug|Any CPU.Build.0 = Debug|Any CPU
		{916EEC59-3362-457D-A6CF-C0A8214B8764}.Release|Any CPU.ActiveCfg = Release|Any CPU
		{916EEC59-3362-457D-A6CF-C0A8214B8764}.Release|Any CPU.Build.0 = Release|Any CPU
		{8B639158-49CB-464C-8B9F-B1932A7CDDBD}.Debug|Any CPU.ActiveCfg = Debug|Any CPU
		{8B639158-49CB-464C-8B9F-B1932A7CDDBD}.Debug|Any CPU.Build.0 = Debug|Any CPU
		{8B639158-49CB-464C-8B9F-B1932A7CDDBD}.Release|Any CPU.ActiveCfg = Release|Any CPU
		{8B639158-49CB-464C-8B9F-B1932A7CDDBD}.Release|Any CPU.Build.0 = Release|Any CPU
		{B8C96422-9863-40D4-8D69-A6DD15D85612}.Debug|Any CPU.ActiveCfg = Debug|Any CPU
		{B8C96422-9863-40D4-8D69-A6DD15D85612}.Debug|Any CPU.Build.0 = Debug|Any CPU
		{B8C96422-9863-40D4-8D69-A6DD15D85612}.Release|Any CPU.ActiveCfg = Release|Any CPU
		{B8C96422-9863-40D4-8D69-A6DD15D85612}.Release|Any CPU.Build.0 = Release|Any CPU
		{63FEB362-4DBD-474D-90D9-D1A711315CC4}.Debug|Any CPU.ActiveCfg = Debug|Any CPU
		{63FEB362-4DBD-474D-90D9-D1A711315CC4}.Debug|Any CPU.Build.0 = Debug|Any CPU
		{63FEB362-4DBD-474D-90D9-D1A711315CC4}.Release|Any CPU.ActiveCfg = Release|Any CPU
		{63FEB362-4DBD-474D-90D9-D1A711315CC4}.Release|Any CPU.Build.0 = Release|Any CPU
		{1F5B6CB9-6EDA-49DB-A689-E18C85CBD22E}.Debug|Any CPU.ActiveCfg = Debug|Any CPU
		{1F5B6CB9-6EDA-49DB-A689-E18C85CBD22E}.Debug|Any CPU.Build.0 = Debug|Any CPU
		{1F5B6CB9-6EDA-49DB-A689-E18C85CBD22E}.Release|Any CPU.ActiveCfg = Release|Any CPU
		{1F5B6CB9-6EDA-49DB-A689-E18C85CBD22E}.Release|Any CPU.Build.0 = Release|Any CPU
		{2349144E-B699-429D-BEC3-CC37ECBD7F6A}.Debug|Any CPU.ActiveCfg = Debug|Any CPU
		{2349144E-B699-429D-BEC3-CC37ECBD7F6A}.Debug|Any CPU.Build.0 = Debug|Any CPU
		{2349144E-B699-429D-BEC3-CC37ECBD7F6A}.Release|Any CPU.ActiveCfg = Release|Any CPU
		{2349144E-B699-429D-BEC3-CC37ECBD7F6A}.Release|Any CPU.Build.0 = Release|Any CPU
		{448BCFC5-5566-4E28-B6D5-1C102F7A474A}.Debug|Any CPU.ActiveCfg = Debug|Any CPU
		{448BCFC5-5566-4E28-B6D5-1C102F7A474A}.Debug|Any CPU.Build.0 = Debug|Any CPU
		{448BCFC5-5566-4E28-B6D5-1C102F7A474A}.Release|Any CPU.ActiveCfg = Release|Any CPU
		{448BCFC5-5566-4E28-B6D5-1C102F7A474A}.Release|Any CPU.Build.0 = Release|Any CPU
		{84CECCFF-7292-43F4-AFC8-53800FA4A226}.Debug|Any CPU.ActiveCfg = Debug|Any CPU
		{84CECCFF-7292-43F4-AFC8-53800FA4A226}.Debug|Any CPU.Build.0 = Debug|Any CPU
		{84CECCFF-7292-43F4-AFC8-53800FA4A226}.Release|Any CPU.ActiveCfg = Release|Any CPU
		{84CECCFF-7292-43F4-AFC8-53800FA4A226}.Release|Any CPU.Build.0 = Release|Any CPU
		{FDF7B324-C4B3-4BFD-9F30-6FDDFC2A1BD7}.Debug|Any CPU.ActiveCfg = Debug|Any CPU
		{FDF7B324-C4B3-4BFD-9F30-6FDDFC2A1BD7}.Debug|Any CPU.Build.0 = Debug|Any CPU
		{FDF7B324-C4B3-4BFD-9F30-6FDDFC2A1BD7}.Release|Any CPU.ActiveCfg = Release|Any CPU
		{FDF7B324-C4B3-4BFD-9F30-6FDDFC2A1BD7}.Release|Any CPU.Build.0 = Release|Any CPU
		{71E71778-6591-49B7-A3FD-926F7A910B79}.Debug|Any CPU.ActiveCfg = Debug|Any CPU
		{71E71778-6591-49B7-A3FD-926F7A910B79}.Debug|Any CPU.Build.0 = Debug|Any CPU
		{71E71778-6591-49B7-A3FD-926F7A910B79}.Release|Any CPU.ActiveCfg = Release|Any CPU
		{71E71778-6591-49B7-A3FD-926F7A910B79}.Release|Any CPU.Build.0 = Release|Any CPU
		{FE575DFD-703A-4950-AF25-FCB52653304A}.Debug|Any CPU.ActiveCfg = Debug|Any CPU
		{FE575DFD-703A-4950-AF25-FCB52653304A}.Debug|Any CPU.Build.0 = Debug|Any CPU
		{FE575DFD-703A-4950-AF25-FCB52653304A}.Release|Any CPU.ActiveCfg = Release|Any CPU
		{FE575DFD-703A-4950-AF25-FCB52653304A}.Release|Any CPU.Build.0 = Release|Any CPU
		{4846DA8D-5300-463F-A3F3-344114C7357D}.Debug|Any CPU.ActiveCfg = Debug|Any CPU
		{4846DA8D-5300-463F-A3F3-344114C7357D}.Debug|Any CPU.Build.0 = Debug|Any CPU
		{4846DA8D-5300-463F-A3F3-344114C7357D}.Release|Any CPU.ActiveCfg = Release|Any CPU
		{4846DA8D-5300-463F-A3F3-344114C7357D}.Release|Any CPU.Build.0 = Release|Any CPU
		{B2173657-A3D4-4FA3-A3C2-1D7DA87A2350}.Debug|Any CPU.ActiveCfg = Debug|Any CPU
		{B2173657-A3D4-4FA3-A3C2-1D7DA87A2350}.Debug|Any CPU.Build.0 = Debug|Any CPU
		{B2173657-A3D4-4FA3-A3C2-1D7DA87A2350}.Release|Any CPU.ActiveCfg = Release|Any CPU
		{B2173657-A3D4-4FA3-A3C2-1D7DA87A2350}.Release|Any CPU.Build.0 = Release|Any CPU
		{356F23C8-BC6B-4918-9648-187D66C0EEC6}.Debug|Any CPU.ActiveCfg = Debug|Any CPU
		{356F23C8-BC6B-4918-9648-187D66C0EEC6}.Debug|Any CPU.Build.0 = Debug|Any CPU
		{356F23C8-BC6B-4918-9648-187D66C0EEC6}.Release|Any CPU.ActiveCfg = Release|Any CPU
		{356F23C8-BC6B-4918-9648-187D66C0EEC6}.Release|Any CPU.Build.0 = Release|Any CPU
		{72D965E6-2B26-47C6-92AB-6E8D67AA7156}.Debug|Any CPU.ActiveCfg = Debug|Any CPU
		{72D965E6-2B26-47C6-92AB-6E8D67AA7156}.Debug|Any CPU.Build.0 = Debug|Any CPU
		{72D965E6-2B26-47C6-92AB-6E8D67AA7156}.Release|Any CPU.ActiveCfg = Release|Any CPU
		{72D965E6-2B26-47C6-92AB-6E8D67AA7156}.Release|Any CPU.Build.0 = Release|Any CPU
		{0F879CB6-EDFD-45BC-8FDE-0DF31D50CB5F}.Debug|Any CPU.ActiveCfg = Debug|Any CPU
		{0F879CB6-EDFD-45BC-8FDE-0DF31D50CB5F}.Debug|Any CPU.Build.0 = Debug|Any CPU
		{0F879CB6-EDFD-45BC-8FDE-0DF31D50CB5F}.Release|Any CPU.ActiveCfg = Release|Any CPU
		{0F879CB6-EDFD-45BC-8FDE-0DF31D50CB5F}.Release|Any CPU.Build.0 = Release|Any CPU
		{66D35F26-A562-45FE-B76A-EE2363237957}.Debug|Any CPU.ActiveCfg = Debug|Any CPU
		{66D35F26-A562-45FE-B76A-EE2363237957}.Debug|Any CPU.Build.0 = Debug|Any CPU
		{66D35F26-A562-45FE-B76A-EE2363237957}.Release|Any CPU.ActiveCfg = Release|Any CPU
		{66D35F26-A562-45FE-B76A-EE2363237957}.Release|Any CPU.Build.0 = Release|Any CPU
		{D43091A4-475A-47DF-B1B8-F9DCD729164B}.Debug|Any CPU.ActiveCfg = Debug|Any CPU
		{D43091A4-475A-47DF-B1B8-F9DCD729164B}.Debug|Any CPU.Build.0 = Debug|Any CPU
		{D43091A4-475A-47DF-B1B8-F9DCD729164B}.Release|Any CPU.ActiveCfg = Release|Any CPU
		{D43091A4-475A-47DF-B1B8-F9DCD729164B}.Release|Any CPU.Build.0 = Release|Any CPU
		{641314B2-A65C-4631-B936-56311BA918C2}.Debug|Any CPU.ActiveCfg = Debug|Any CPU
		{641314B2-A65C-4631-B936-56311BA918C2}.Debug|Any CPU.Build.0 = Debug|Any CPU
		{641314B2-A65C-4631-B936-56311BA918C2}.Release|Any CPU.ActiveCfg = Release|Any CPU
		{641314B2-A65C-4631-B936-56311BA918C2}.Release|Any CPU.Build.0 = Release|Any CPU
		{D7EC36B5-7845-41E2-891D-4E1859CDCBFF}.Debug|Any CPU.ActiveCfg = Debug|Any CPU
		{D7EC36B5-7845-41E2-891D-4E1859CDCBFF}.Debug|Any CPU.Build.0 = Debug|Any CPU
		{D7EC36B5-7845-41E2-891D-4E1859CDCBFF}.Release|Any CPU.ActiveCfg = Release|Any CPU
		{D7EC36B5-7845-41E2-891D-4E1859CDCBFF}.Release|Any CPU.Build.0 = Release|Any CPU
		{3A1F3683-0337-465F-BFED-EC502C52ABF8}.Debug|Any CPU.ActiveCfg = Debug|Any CPU
		{3A1F3683-0337-465F-BFED-EC502C52ABF8}.Debug|Any CPU.Build.0 = Debug|Any CPU
		{3A1F3683-0337-465F-BFED-EC502C52ABF8}.Release|Any CPU.ActiveCfg = Release|Any CPU
		{3A1F3683-0337-465F-BFED-EC502C52ABF8}.Release|Any CPU.Build.0 = Release|Any CPU
		{A1F2E5E9-F40A-40A9-A060-4431C8E6F37B}.Debug|Any CPU.ActiveCfg = Debug|Any CPU
		{A1F2E5E9-F40A-40A9-A060-4431C8E6F37B}.Debug|Any CPU.Build.0 = Debug|Any CPU
		{A1F2E5E9-F40A-40A9-A060-4431C8E6F37B}.Release|Any CPU.ActiveCfg = Release|Any CPU
		{A1F2E5E9-F40A-40A9-A060-4431C8E6F37B}.Release|Any CPU.Build.0 = Release|Any CPU
		{D8F67954-1F30-46F1-81DA-AF8CF610689B}.Debug|Any CPU.ActiveCfg = Debug|Any CPU
		{D8F67954-1F30-46F1-81DA-AF8CF610689B}.Debug|Any CPU.Build.0 = Debug|Any CPU
		{D8F67954-1F30-46F1-81DA-AF8CF610689B}.Release|Any CPU.ActiveCfg = Release|Any CPU
		{D8F67954-1F30-46F1-81DA-AF8CF610689B}.Release|Any CPU.Build.0 = Release|Any CPU
		{CA1D2B04-18F2-4CED-974B-C15690CB20BB}.Debug|Any CPU.ActiveCfg = Debug|Any CPU
		{CA1D2B04-18F2-4CED-974B-C15690CB20BB}.Debug|Any CPU.Build.0 = Debug|Any CPU
		{CA1D2B04-18F2-4CED-974B-C15690CB20BB}.Release|Any CPU.ActiveCfg = Release|Any CPU
		{CA1D2B04-18F2-4CED-974B-C15690CB20BB}.Release|Any CPU.Build.0 = Release|Any CPU
		{6A6E81B7-79C8-44A4-8730-A7EFBD547F75}.Debug|Any CPU.ActiveCfg = Debug|Any CPU
		{6A6E81B7-79C8-44A4-8730-A7EFBD547F75}.Debug|Any CPU.Build.0 = Debug|Any CPU
		{6A6E81B7-79C8-44A4-8730-A7EFBD547F75}.Release|Any CPU.ActiveCfg = Release|Any CPU
		{6A6E81B7-79C8-44A4-8730-A7EFBD547F75}.Release|Any CPU.Build.0 = Release|Any CPU
		{1E7E8706-70E2-4157-8DB1-2879823E9D2D}.Debug|Any CPU.ActiveCfg = Debug|Any CPU
		{1E7E8706-70E2-4157-8DB1-2879823E9D2D}.Debug|Any CPU.Build.0 = Debug|Any CPU
		{1E7E8706-70E2-4157-8DB1-2879823E9D2D}.Release|Any CPU.ActiveCfg = Release|Any CPU
		{1E7E8706-70E2-4157-8DB1-2879823E9D2D}.Release|Any CPU.Build.0 = Release|Any CPU
		{A5413CE7-99AA-4EB3-91BA-5F7C74123030}.Debug|Any CPU.ActiveCfg = Debug|Any CPU
		{A5413CE7-99AA-4EB3-91BA-5F7C74123030}.Debug|Any CPU.Build.0 = Debug|Any CPU
		{A5413CE7-99AA-4EB3-91BA-5F7C74123030}.Release|Any CPU.ActiveCfg = Release|Any CPU
		{A5413CE7-99AA-4EB3-91BA-5F7C74123030}.Release|Any CPU.Build.0 = Release|Any CPU
		{742E9452-7726-43C4-B04F-58D123982C99}.Debug|Any CPU.ActiveCfg = Debug|Any CPU
		{742E9452-7726-43C4-B04F-58D123982C99}.Debug|Any CPU.Build.0 = Debug|Any CPU
		{742E9452-7726-43C4-B04F-58D123982C99}.Release|Any CPU.ActiveCfg = Release|Any CPU
		{742E9452-7726-43C4-B04F-58D123982C99}.Release|Any CPU.Build.0 = Release|Any CPU
		{6EC7500F-9280-43DD-8C75-91EDEE718CEA}.Debug|Any CPU.ActiveCfg = Debug|Any CPU
		{6EC7500F-9280-43DD-8C75-91EDEE718CEA}.Debug|Any CPU.Build.0 = Debug|Any CPU
		{6EC7500F-9280-43DD-8C75-91EDEE718CEA}.Release|Any CPU.ActiveCfg = Release|Any CPU
		{6EC7500F-9280-43DD-8C75-91EDEE718CEA}.Release|Any CPU.Build.0 = Release|Any CPU
		{5703D319-C9FB-4B15-B090-9B2E26067B65}.Debug|Any CPU.ActiveCfg = Debug|Any CPU
		{5703D319-C9FB-4B15-B090-9B2E26067B65}.Debug|Any CPU.Build.0 = Debug|Any CPU
		{5703D319-C9FB-4B15-B090-9B2E26067B65}.Release|Any CPU.ActiveCfg = Release|Any CPU
		{5703D319-C9FB-4B15-B090-9B2E26067B65}.Release|Any CPU.Build.0 = Release|Any CPU
		{151DA4A7-C449-48B7-8264-CDDD5147FFA3}.Debug|Any CPU.ActiveCfg = Debug|Any CPU
		{151DA4A7-C449-48B7-8264-CDDD5147FFA3}.Debug|Any CPU.Build.0 = Debug|Any CPU
		{151DA4A7-C449-48B7-8264-CDDD5147FFA3}.Release|Any CPU.ActiveCfg = Release|Any CPU
		{151DA4A7-C449-48B7-8264-CDDD5147FFA3}.Release|Any CPU.Build.0 = Release|Any CPU
		{99B33A52-CA60-4CE9-99CA-50A7DF1D06D7}.Debug|Any CPU.ActiveCfg = Debug|Any CPU
		{99B33A52-CA60-4CE9-99CA-50A7DF1D06D7}.Debug|Any CPU.Build.0 = Debug|Any CPU
		{99B33A52-CA60-4CE9-99CA-50A7DF1D06D7}.Release|Any CPU.ActiveCfg = Release|Any CPU
		{99B33A52-CA60-4CE9-99CA-50A7DF1D06D7}.Release|Any CPU.Build.0 = Release|Any CPU
		{6F9D8651-C9D0-4958-843D-B8AF1319A58D}.Debug|Any CPU.ActiveCfg = Debug|Any CPU
		{6F9D8651-C9D0-4958-843D-B8AF1319A58D}.Debug|Any CPU.Build.0 = Debug|Any CPU
		{6F9D8651-C9D0-4958-843D-B8AF1319A58D}.Release|Any CPU.ActiveCfg = Release|Any CPU
		{6F9D8651-C9D0-4958-843D-B8AF1319A58D}.Release|Any CPU.Build.0 = Release|Any CPU
		{CE20D9A0-49E8-42D2-AEEE-6E5DD19686BB}.Debug|Any CPU.ActiveCfg = Debug|Any CPU
		{CE20D9A0-49E8-42D2-AEEE-6E5DD19686BB}.Debug|Any CPU.Build.0 = Debug|Any CPU
		{CE20D9A0-49E8-42D2-AEEE-6E5DD19686BB}.Release|Any CPU.ActiveCfg = Release|Any CPU
		{CE20D9A0-49E8-42D2-AEEE-6E5DD19686BB}.Release|Any CPU.Build.0 = Release|Any CPU
		{8080C78E-23BB-4C20-AA70-998B2F6F2BE3}.Debug|Any CPU.ActiveCfg = Debug|Any CPU
		{8080C78E-23BB-4C20-AA70-998B2F6F2BE3}.Debug|Any CPU.Build.0 = Debug|Any CPU
		{8080C78E-23BB-4C20-AA70-998B2F6F2BE3}.Release|Any CPU.ActiveCfg = Release|Any CPU
		{8080C78E-23BB-4C20-AA70-998B2F6F2BE3}.Release|Any CPU.Build.0 = Release|Any CPU
		{DEB24B24-0649-4EE5-82A3-1C42DE2DBCEE}.Debug|Any CPU.ActiveCfg = Debug|Any CPU
		{DEB24B24-0649-4EE5-82A3-1C42DE2DBCEE}.Debug|Any CPU.Build.0 = Debug|Any CPU
		{DEB24B24-0649-4EE5-82A3-1C42DE2DBCEE}.Release|Any CPU.ActiveCfg = Release|Any CPU
		{DEB24B24-0649-4EE5-82A3-1C42DE2DBCEE}.Release|Any CPU.Build.0 = Release|Any CPU
	EndGlobalSection
	GlobalSection(SolutionProperties) = preSolution
		HideSolutionNode = FALSE
	EndGlobalSection
	GlobalSection(ExtensibilityGlobals) = postSolution
		SolutionGuid = {035B538A-D702-4477-A08E-7A84D727700B}
	EndGlobalSection
	GlobalSection(NestedProjects) = preSolution
		{D6A6BEEF-8434-4EAB-95B0-3E16D0659BF4} = {CFDE77EF-8C1A-405B-9993-065A03D043BF}
		{29CE4430-2582-4008-A18B-2B31E5503DCE} = {CFDE77EF-8C1A-405B-9993-065A03D043BF}
		{3E5B168F-7784-409D-A386-D93B517505F5} = {CFDE77EF-8C1A-405B-9993-065A03D043BF}
		{EF54210E-5695-4F64-BE53-667183D08C1A} = {CFDE77EF-8C1A-405B-9993-065A03D043BF}
		{ABB999E7-F29F-4B5D-8C77-48B3EF5682E8} = {CFDE77EF-8C1A-405B-9993-065A03D043BF}
		{BE0D252E-2EE8-41C1-B784-9DD8E2191752} = {CFDE77EF-8C1A-405B-9993-065A03D043BF}
		{02B1E47D-2437-4715-AC3F-8BF8C8769A9B} = {CFDE77EF-8C1A-405B-9993-065A03D043BF}
		{FDCA3A08-CF9D-45C5-A9A3-7BE00144CA2D} = {CFDE77EF-8C1A-405B-9993-065A03D043BF}
		{C8B6CAF3-512C-45E9-86AF-73D28B15FFDB} = {CFDE77EF-8C1A-405B-9993-065A03D043BF}
		{74A0873A-227D-4C8C-B79D-44A9E13A7E89} = {CFDE77EF-8C1A-405B-9993-065A03D043BF}
		{21FD63D0-D27C-42A1-8415-693C270DC476} = {CFDE77EF-8C1A-405B-9993-065A03D043BF}
		{1631F576-5D3D-40F4-AFCE-13D731E5347F} = {CFDE77EF-8C1A-405B-9993-065A03D043BF}
		{916EEC59-3362-457D-A6CF-C0A8214B8764} = {CFDE77EF-8C1A-405B-9993-065A03D043BF}
		{8B639158-49CB-464C-8B9F-B1932A7CDDBD} = {CFDE77EF-8C1A-405B-9993-065A03D043BF}
		{B8C96422-9863-40D4-8D69-A6DD15D85612} = {CFDE77EF-8C1A-405B-9993-065A03D043BF}
		{63FEB362-4DBD-474D-90D9-D1A711315CC4} = {CFDE77EF-8C1A-405B-9993-065A03D043BF}
		{1F5B6CB9-6EDA-49DB-A689-E18C85CBD22E} = {CFDE77EF-8C1A-405B-9993-065A03D043BF}
		{2349144E-B699-429D-BEC3-CC37ECBD7F6A} = {CFDE77EF-8C1A-405B-9993-065A03D043BF}
		{448BCFC5-5566-4E28-B6D5-1C102F7A474A} = {CFDE77EF-8C1A-405B-9993-065A03D043BF}
		{84CECCFF-7292-43F4-AFC8-53800FA4A226} = {CFDE77EF-8C1A-405B-9993-065A03D043BF}
		{FDF7B324-C4B3-4BFD-9F30-6FDDFC2A1BD7} = {CFDE77EF-8C1A-405B-9993-065A03D043BF}
		{71E71778-6591-49B7-A3FD-926F7A910B79} = {CFDE77EF-8C1A-405B-9993-065A03D043BF}
		{FE575DFD-703A-4950-AF25-FCB52653304A} = {CFDE77EF-8C1A-405B-9993-065A03D043BF}
		{4846DA8D-5300-463F-A3F3-344114C7357D} = {CFDE77EF-8C1A-405B-9993-065A03D043BF}
		{B2173657-A3D4-4FA3-A3C2-1D7DA87A2350} = {CFDE77EF-8C1A-405B-9993-065A03D043BF}
		{356F23C8-BC6B-4918-9648-187D66C0EEC6} = {CFDE77EF-8C1A-405B-9993-065A03D043BF}
		{72D965E6-2B26-47C6-92AB-6E8D67AA7156} = {CFDE77EF-8C1A-405B-9993-065A03D043BF}
		{0F879CB6-EDFD-45BC-8FDE-0DF31D50CB5F} = {CFDE77EF-8C1A-405B-9993-065A03D043BF}
		{66D35F26-A562-45FE-B76A-EE2363237957} = {CFDE77EF-8C1A-405B-9993-065A03D043BF}
		{D43091A4-475A-47DF-B1B8-F9DCD729164B} = {CFDE77EF-8C1A-405B-9993-065A03D043BF}
		{641314B2-A65C-4631-B936-56311BA918C2} = {CFDE77EF-8C1A-405B-9993-065A03D043BF}
		{D7EC36B5-7845-41E2-891D-4E1859CDCBFF} = {CFDE77EF-8C1A-405B-9993-065A03D043BF}
		{3A1F3683-0337-465F-BFED-EC502C52ABF8} = {CFDE77EF-8C1A-405B-9993-065A03D043BF}
		{A1F2E5E9-F40A-40A9-A060-4431C8E6F37B} = {CFDE77EF-8C1A-405B-9993-065A03D043BF}
		{D8F67954-1F30-46F1-81DA-AF8CF610689B} = {CFDE77EF-8C1A-405B-9993-065A03D043BF}
		{CA1D2B04-18F2-4CED-974B-C15690CB20BB} = {CFDE77EF-8C1A-405B-9993-065A03D043BF}
		{6A6E81B7-79C8-44A4-8730-A7EFBD547F75} = {275D9719-B3F8-4B65-A338-AB864F0216C3}
		{1E7E8706-70E2-4157-8DB1-2879823E9D2D} = {CFDE77EF-8C1A-405B-9993-065A03D043BF}
		{A5413CE7-99AA-4EB3-91BA-5F7C74123030} = {CFDE77EF-8C1A-405B-9993-065A03D043BF}
		{742E9452-7726-43C4-B04F-58D123982C99} = {5761848C-FF53-4EFC-9F14-387AFB7EA651}
		{6EC7500F-9280-43DD-8C75-91EDEE718CEA} = {CFDE77EF-8C1A-405B-9993-065A03D043BF}
		{5703D319-C9FB-4B15-B090-9B2E26067B65} = {CFDE77EF-8C1A-405B-9993-065A03D043BF}
		{151DA4A7-C449-48B7-8264-CDDD5147FFA3} = {CFDE77EF-8C1A-405B-9993-065A03D043BF}
		{99B33A52-CA60-4CE9-99CA-50A7DF1D06D7} = {CFDE77EF-8C1A-405B-9993-065A03D043BF}
		{6F9D8651-C9D0-4958-843D-B8AF1319A58D} = {CFDE77EF-8C1A-405B-9993-065A03D043BF}
		{CE20D9A0-49E8-42D2-AEEE-6E5DD19686BB} = {CFDE77EF-8C1A-405B-9993-065A03D043BF}
		{8080C78E-23BB-4C20-AA70-998B2F6F2BE3} = {CFDE77EF-8C1A-405B-9993-065A03D043BF}
		{DEB24B24-0649-4EE5-82A3-1C42DE2DBCEE} = {CFDE77EF-8C1A-405B-9993-065A03D043BF}
	EndGlobalSection
EndGlobal
