
Microsoft Visual Studio Solution File, Format Version 12.00
# Visual Studio Version 17
VisualStudioVersion = 17.2.32505.173
MinimumVisualStudioVersion = 10.0.40219.1
Project("{2150E333-8FDC-42A3-9474-1A3956D46DE8}") = "src", "src", "{CFDE77EF-8C1A-405B-9993-065A03D043BF}"
EndProject
Project("{FAE04EC0-301F-11D3-BF4B-00C04F79EFBC}") = "Lesson1", "src\Lesson1\Lesson1.csproj", "{D6A6BEEF-8434-4EAB-95B0-3E16D0659BF4}"
EndProject
Project("{FAE04EC0-301F-11D3-BF4B-00C04F79EFBC}") = "ORM_SQL_Isolation", "src\Lesson2\ORM_SQL_Isolation.csproj", "{29CE4430-2582-4008-A18B-2B31E5503DCE}"
EndProject
Project("{FAE04EC0-301F-11D3-BF4B-00C04F79EFBC}") = "EF_Core_Approaches", "src\Lesson4\EF_Core_Approaches.csproj", "{3E5B168F-7784-409D-A386-D93B517505F5}"
EndProject
Project("{FAE04EC0-301F-11D3-BF4B-00C04F79EFBC}") = "OnConfiguring", "src\Lesson5\OnConfiguring.csproj", "{EF54210E-5695-4F64-BE53-667183D08C1A}"
EndProject
Project("{FAE04EC0-301F-11D3-BF4B-00C04F79EFBC}") = "Writing_Data", "src\Lesson6\Writing_Data.csproj", "{ABB999E7-F29F-4B5D-8C77-48B3EF5682E8}"
EndProject
Project("{FAE04EC0-301F-11D3-BF4B-00C04F79EFBC}") = "Modifying_Data", "src\Lesson7\Modifying_Data.csproj", "{BE0D252E-2EE8-41C1-B784-9DD8E2191752}"
EndProject
Project("{FAE04EC0-301F-11D3-BF4B-00C04F79EFBC}") = "Deleting_Data", "src\Lesson8\Deleting_Data.csproj", "{02B1E47D-2437-4715-AC3F-8BF8C8769A9B}"
EndProject
Project("{FAE04EC0-301F-11D3-BF4B-00C04F79EFBC}") = "IEnumerable_IQueryable", "src\Lesson9\IEnumerable_IQueryable.csproj", "{FDCA3A08-CF9D-45C5-A9A3-7BE00144CA2D}"
EndProject
Project("{FAE04EC0-301F-11D3-BF4B-00C04F79EFBC}") = "Fetching_Multiple_Objects", "src\Lesson10\Fetching_Multiple_Objects.csproj", "{C8B6CAF3-512C-45E9-86AF-73D28B15FFDB}"
EndProject
Project("{FAE04EC0-301F-11D3-BF4B-00C04F79EFBC}") = "Fetching_Single_Object", "src\Lesson11\Fetching_Single_Object.csproj", "{74A0873A-227D-4C8C-B79D-44A9E13A7E89}"
EndProject
Project("{FAE04EC0-301F-11D3-BF4B-00C04F79EFBC}") = "Other_Querying_Methods", "src\Lesson12\Other_Querying_Methods.csproj", "{21FD63D0-D27C-42A1-8415-693C270DC476}"
EndProject
Project("{FAE04EC0-301F-11D3-BF4B-00C04F79EFBC}") = "ToDictionary_ToArray_Select_SelectMany_GroupBy", "src\Lesson13\ToDictionary_ToArray_Select_SelectMany_GroupBy.csproj", "{1631F576-5D3D-40F4-AFCE-13D731E5347F}"
EndProject
Project("{FAE04EC0-301F-11D3-BF4B-00C04F79EFBC}") = "Change_Tracking", "src\Lesson14\Change_Tracking.csproj", "{916EEC59-3362-457D-A6CF-C0A8214B8764}"
EndProject
Project("{FAE04EC0-301F-11D3-BF4B-00C04F79EFBC}") = "Change_Tracking_2", "src\Lesson15\Change_Tracking_2.csproj", "{8B639158-49CB-464C-8B9F-B1932A7CDDBD}"
EndProject
Project("{FAE04EC0-301F-11D3-BF4B-00C04F79EFBC}") = "Basic_Concepts_of_Relational_Database", "src\Lesson16\Basic_Concepts_of_Relational_Database.csproj", "{B8C96422-9863-40D4-8D69-A6DD15D85612}"
EndProject
Project("{FAE04EC0-301F-11D3-BF4B-00C04F79EFBC}") = "One_to_One_Relationship", "src\Lesson17\One_to_One_Relationship.csproj", "{63FEB362-4DBD-474D-90D9-D1A711315CC4}"
EndProject
Project("{FAE04EC0-301F-11D3-BF4B-00C04F79EFBC}") = "One_to_Many_Relationship", "src\Lesson18\One_to_Many_Relationship.csproj", "{1F5B6CB9-6EDA-49DB-A689-E18C85CBD22E}"
EndProject
Project("{FAE04EC0-301F-11D3-BF4B-00C04F79EFBC}") = "Many_to_Many_Relationship", "src\Lesson19\Many_to_Many_Relationship.csproj", "{2349144E-B699-429D-BEC3-CC37ECBD7F6A}"
EndProject
Project("{FAE04EC0-301F-11D3-BF4B-00C04F79EFBC}") = "Data_Adding_Behaviors_in_Relational_Scenarios", "src\Lesson20\Data_Adding_Behaviors_in_Relational_Scenarios.csproj", "{448BCFC5-5566-4E28-B6D5-1C102F7A474A}"
EndProject
Project("{FAE04EC0-301F-11D3-BF4B-00C04F79EFBC}") = "Data_Modifying_Behaviors_in_Relational_Scenarios", "src\Lesson21\Data_Modifying_Behaviors_in_Relational_Scenarios.csproj", "{84CECCFF-7292-43F4-AFC8-53800FA4A226}"
EndProject
Project("{FAE04EC0-301F-11D3-BF4B-00C04F79EFBC}") = "Data_Deleting_Behaviors_in_Relational_Scenarios", "src\Lesson22\Data_Deleting_Behaviors_in_Relational_Scenarios.csproj", "{FDF7B324-C4B3-4BFD-9F30-6FDDFC2A1BD7}"
EndProject
Global
	GlobalSection(SolutionConfigurationPlatforms) = preSolution
		Debug|Any CPU = Debug|Any CPU
		Release|Any CPU = Release|Any CPU
	EndGlobalSection
	GlobalSection(ProjectConfigurationPlatforms) = postSolution
		{D6A6BEEF-8434-4EAB-95B0-3E16D0659BF4}.Debug|Any CPU.ActiveCfg = Debug|Any CPU
		{D6A6BEEF-8434-4EAB-95B0-3E16D0659BF4}.Debug|Any CPU.Build.0 = Debug|Any CPU
		{D6A6BEEF-8434-4EAB-95B0-3E16D0659BF4}.Release|Any CPU.ActiveCfg = Release|Any CPU
		{D6A6BEEF-8434-4EAB-95B0-3E16D0659BF4}.Release|Any CPU.Build.0 = Release|Any CPU
		{29CE4430-2582-4008-A18B-2B31E5503DCE}.Debug|Any CPU.ActiveCfg = Debug|Any CPU
		{29CE4430-2582-4008-A18B-2B31E5503DCE}.Debug|Any CPU.Build.0 = Debug|Any CPU
		{29CE4430-2582-4008-A18B-2B31E5503DCE}.Release|Any CPU.ActiveCfg = Release|Any CPU
		{29CE4430-2582-4008-A18B-2B31E5503DCE}.Release|Any CPU.Build.0 = Release|Any CPU
		{3E5B168F-7784-409D-A386-D93B517505F5}.Debug|Any CPU.ActiveCfg = Debug|Any CPU
		{3E5B168F-7784-409D-A386-D93B517505F5}.Debug|Any CPU.Build.0 = Debug|Any CPU
		{3E5B168F-7784-409D-A386-D93B517505F5}.Release|Any CPU.ActiveCfg = Release|Any CPU
		{3E5B168F-7784-409D-A386-D93B517505F5}.Release|Any CPU.Build.0 = Release|Any CPU
		{EF54210E-5695-4F64-BE53-667183D08C1A}.Debug|Any CPU.ActiveCfg = Debug|Any CPU
		{EF54210E-5695-4F64-BE53-667183D08C1A}.Debug|Any CPU.Build.0 = Debug|Any CPU
		{EF54210E-5695-4F64-BE53-667183D08C1A}.Release|Any CPU.ActiveCfg = Release|Any CPU
		{EF54210E-5695-4F64-BE53-667183D08C1A}.Release|Any CPU.Build.0 = Release|Any CPU
		{ABB999E7-F29F-4B5D-8C77-48B3EF5682E8}.Debug|Any CPU.ActiveCfg = Debug|Any CPU
		{ABB999E7-F29F-4B5D-8C77-48B3EF5682E8}.Debug|Any CPU.Build.0 = Debug|Any CPU
		{ABB999E7-F29F-4B5D-8C77-48B3EF5682E8}.Release|Any CPU.ActiveCfg = Release|Any CPU
		{ABB999E7-F29F-4B5D-8C77-48B3EF5682E8}.Release|Any CPU.Build.0 = Release|Any CPU
		{BE0D252E-2EE8-41C1-B784-9DD8E2191752}.Debug|Any CPU.ActiveCfg = Debug|Any CPU
		{BE0D252E-2EE8-41C1-B784-9DD8E2191752}.Debug|Any CPU.Build.0 = Debug|Any CPU
		{BE0D252E-2EE8-41C1-B784-9DD8E2191752}.Release|Any CPU.ActiveCfg = Release|Any CPU
		{BE0D252E-2EE8-41C1-B784-9DD8E2191752}.Release|Any CPU.Build.0 = Release|Any CPU
		{02B1E47D-2437-4715-AC3F-8BF8C8769A9B}.Debug|Any CPU.ActiveCfg = Debug|Any CPU
		{02B1E47D-2437-4715-AC3F-8BF8C8769A9B}.Debug|Any CPU.Build.0 = Debug|Any CPU
		{02B1E47D-2437-4715-AC3F-8BF8C8769A9B}.Release|Any CPU.ActiveCfg = Release|Any CPU
		{02B1E47D-2437-4715-AC3F-8BF8C8769A9B}.Release|Any CPU.Build.0 = Release|Any CPU
		{FDCA3A08-CF9D-45C5-A9A3-7BE00144CA2D}.Debug|Any CPU.ActiveCfg = Debug|Any CPU
		{FDCA3A08-CF9D-45C5-A9A3-7BE00144CA2D}.Debug|Any CPU.Build.0 = Debug|Any CPU
		{FDCA3A08-CF9D-45C5-A9A3-7BE00144CA2D}.Release|Any CPU.ActiveCfg = Release|Any CPU
		{FDCA3A08-CF9D-45C5-A9A3-7BE00144CA2D}.Release|Any CPU.Build.0 = Release|Any CPU
		{C8B6CAF3-512C-45E9-86AF-73D28B15FFDB}.Debug|Any CPU.ActiveCfg = Debug|Any CPU
		{C8B6CAF3-512C-45E9-86AF-73D28B15FFDB}.Debug|Any CPU.Build.0 = Debug|Any CPU
		{C8B6CAF3-512C-45E9-86AF-73D28B15FFDB}.Release|Any CPU.ActiveCfg = Release|Any CPU
		{C8B6CAF3-512C-45E9-86AF-73D28B15FFDB}.Release|Any CPU.Build.0 = Release|Any CPU
		{74A0873A-227D-4C8C-B79D-44A9E13A7E89}.Debug|Any CPU.ActiveCfg = Debug|Any CPU
		{74A0873A-227D-4C8C-B79D-44A9E13A7E89}.Debug|Any CPU.Build.0 = Debug|Any CPU
		{74A0873A-227D-4C8C-B79D-44A9E13A7E89}.Release|Any CPU.ActiveCfg = Release|Any CPU
		{74A0873A-227D-4C8C-B79D-44A9E13A7E89}.Release|Any CPU.Build.0 = Release|Any CPU
		{21FD63D0-D27C-42A1-8415-693C270DC476}.Debug|Any CPU.ActiveCfg = Debug|Any CPU
		{21FD63D0-D27C-42A1-8415-693C270DC476}.Debug|Any CPU.Build.0 = Debug|Any CPU
		{21FD63D0-D27C-42A1-8415-693C270DC476}.Release|Any CPU.ActiveCfg = Release|Any CPU
		{21FD63D0-D27C-42A1-8415-693C270DC476}.Release|Any CPU.Build.0 = Release|Any CPU
		{1631F576-5D3D-40F4-AFCE-13D731E5347F}.Debug|Any CPU.ActiveCfg = Debug|Any CPU
		{1631F576-5D3D-40F4-AFCE-13D731E5347F}.Debug|Any CPU.Build.0 = Debug|Any CPU
		{1631F576-5D3D-40F4-AFCE-13D731E5347F}.Release|Any CPU.ActiveCfg = Release|Any CPU
		{1631F576-5D3D-40F4-AFCE-13D731E5347F}.Release|Any CPU.Build.0 = Release|Any CPU
		{916EEC59-3362-457D-A6CF-C0A8214B8764}.Debug|Any CPU.ActiveCfg = Debug|Any CPU
		{916EEC59-3362-457D-A6CF-C0A8214B8764}.Debug|Any CPU.Build.0 = Debug|Any CPU
		{916EEC59-3362-457D-A6CF-C0A8214B8764}.Release|Any CPU.ActiveCfg = Release|Any CPU
		{916EEC59-3362-457D-A6CF-C0A8214B8764}.Release|Any CPU.Build.0 = Release|Any CPU
		{8B639158-49CB-464C-8B9F-B1932A7CDDBD}.Debug|Any CPU.ActiveCfg = Debug|Any CPU
		{8B639158-49CB-464C-8B9F-B1932A7CDDBD}.Debug|Any CPU.Build.0 = Debug|Any CPU
		{8B639158-49CB-464C-8B9F-B1932A7CDDBD}.Release|Any CPU.ActiveCfg = Release|Any CPU
		{8B639158-49CB-464C-8B9F-B1932A7CDDBD}.Release|Any CPU.Build.0 = Release|Any CPU
		{B8C96422-9863-40D4-8D69-A6DD15D85612}.Debug|Any CPU.ActiveCfg = Debug|Any CPU
		{B8C96422-9863-40D4-8D69-A6DD15D85612}.Debug|Any CPU.Build.0 = Debug|Any CPU
		{B8C96422-9863-40D4-8D69-A6DD15D85612}.Release|Any CPU.ActiveCfg = Release|Any CPU
		{B8C96422-9863-40D4-8D69-A6DD15D85612}.Release|Any CPU.Build.0 = Release|Any CPU
		{63FEB362-4DBD-474D-90D9-D1A711315CC4}.Debug|Any CPU.ActiveCfg = Debug|Any CPU
		{63FEB362-4DBD-474D-90D9-D1A711315CC4}.Debug|Any CPU.Build.0 = Debug|Any CPU
		{63FEB362-4DBD-474D-90D9-D1A711315CC4}.Release|Any CPU.ActiveCfg = Release|Any CPU
		{63FEB362-4DBD-474D-90D9-D1A711315CC4}.Release|Any CPU.Build.0 = Release|Any CPU
		{1F5B6CB9-6EDA-49DB-A689-E18C85CBD22E}.Debug|Any CPU.ActiveCfg = Debug|Any CPU
		{1F5B6CB9-6EDA-49DB-A689-E18C85CBD22E}.Debug|Any CPU.Build.0 = Debug|Any CPU
		{1F5B6CB9-6EDA-49DB-A689-E18C85CBD22E}.Release|Any CPU.ActiveCfg = Release|Any CPU
		{1F5B6CB9-6EDA-49DB-A689-E18C85CBD22E}.Release|Any CPU.Build.0 = Release|Any CPU
		{2349144E-B699-429D-BEC3-CC37ECBD7F6A}.Debug|Any CPU.ActiveCfg = Debug|Any CPU
		{2349144E-B699-429D-BEC3-CC37ECBD7F6A}.Debug|Any CPU.Build.0 = Debug|Any CPU
		{2349144E-B699-429D-BEC3-CC37ECBD7F6A}.Release|Any CPU.ActiveCfg = Release|Any CPU
		{2349144E-B699-429D-BEC3-CC37ECBD7F6A}.Release|Any CPU.Build.0 = Release|Any CPU
		{448BCFC5-5566-4E28-B6D5-1C102F7A474A}.Debug|Any CPU.ActiveCfg = Debug|Any CPU
		{448BCFC5-5566-4E28-B6D5-1C102F7A474A}.Debug|Any CPU.Build.0 = Debug|Any CPU
		{448BCFC5-5566-4E28-B6D5-1C102F7A474A}.Release|Any CPU.ActiveCfg = Release|Any CPU
		{448BCFC5-5566-4E28-B6D5-1C102F7A474A}.Release|Any CPU.Build.0 = Release|Any CPU
		{84CECCFF-7292-43F4-AFC8-53800FA4A226}.Debug|Any CPU.ActiveCfg = Debug|Any CPU
		{84CECCFF-7292-43F4-AFC8-53800FA4A226}.Debug|Any CPU.Build.0 = Debug|Any CPU
		{84CECCFF-7292-43F4-AFC8-53800FA4A226}.Release|Any CPU.ActiveCfg = Release|Any CPU
		{84CECCFF-7292-43F4-AFC8-53800FA4A226}.Release|Any CPU.Build.0 = Release|Any CPU
		{FDF7B324-C4B3-4BFD-9F30-6FDDFC2A1BD7}.Debug|Any CPU.ActiveCfg = Debug|Any CPU
		{FDF7B324-C4B3-4BFD-9F30-6FDDFC2A1BD7}.Debug|Any CPU.Build.0 = Debug|Any CPU
		{FDF7B324-C4B3-4BFD-9F30-6FDDFC2A1BD7}.Release|Any CPU.ActiveCfg = Release|Any CPU
		{FDF7B324-C4B3-4BFD-9F30-6FDDFC2A1BD7}.Release|Any CPU.Build.0 = Release|Any CPU
	EndGlobalSection
	GlobalSection(SolutionProperties) = preSolution
		HideSolutionNode = FALSE
	EndGlobalSection
	GlobalSection(ExtensibilityGlobals) = postSolution
		SolutionGuid = {035B538A-D702-4477-A08E-7A84D727700B}
	EndGlobalSection
	GlobalSection(NestedProjects) = preSolution
		{D6A6BEEF-8434-4EAB-95B0-3E16D0659BF4} = {CFDE77EF-8C1A-405B-9993-065A03D043BF}
		{29CE4430-2582-4008-A18B-2B31E5503DCE} = {CFDE77EF-8C1A-405B-9993-065A03D043BF}
		{3E5B168F-7784-409D-A386-D93B517505F5} = {CFDE77EF-8C1A-405B-9993-065A03D043BF}
		{EF54210E-5695-4F64-BE53-667183D08C1A} = {CFDE77EF-8C1A-405B-9993-065A03D043BF}
		{ABB999E7-F29F-4B5D-8C77-48B3EF5682E8} = {CFDE77EF-8C1A-405B-9993-065A03D043BF}
		{BE0D252E-2EE8-41C1-B784-9DD8E2191752} = {CFDE77EF-8C1A-405B-9993-065A03D043BF}
		{02B1E47D-2437-4715-AC3F-8BF8C8769A9B} = {CFDE77EF-8C1A-405B-9993-065A03D043BF}
		{FDCA3A08-CF9D-45C5-A9A3-7BE00144CA2D} = {CFDE77EF-8C1A-405B-9993-065A03D043BF}
		{C8B6CAF3-512C-45E9-86AF-73D28B15FFDB} = {CFDE77EF-8C1A-405B-9993-065A03D043BF}
		{74A0873A-227D-4C8C-B79D-44A9E13A7E89} = {CFDE77EF-8C1A-405B-9993-065A03D043BF}
		{21FD63D0-D27C-42A1-8415-693C270DC476} = {CFDE77EF-8C1A-405B-9993-065A03D043BF}
		{1631F576-5D3D-40F4-AFCE-13D731E5347F} = {CFDE77EF-8C1A-405B-9993-065A03D043BF}
		{916EEC59-3362-457D-A6CF-C0A8214B8764} = {CFDE77EF-8C1A-405B-9993-065A03D043BF}
		{8B639158-49CB-464C-8B9F-B1932A7CDDBD} = {CFDE77EF-8C1A-405B-9993-065A03D043BF}
		{B8C96422-9863-40D4-8D69-A6DD15D85612} = {CFDE77EF-8C1A-405B-9993-065A03D043BF}
		{63FEB362-4DBD-474D-90D9-D1A711315CC4} = {CFDE77EF-8C1A-405B-9993-065A03D043BF}
		{1F5B6CB9-6EDA-49DB-A689-E18C85CBD22E} = {CFDE77EF-8C1A-405B-9993-065A03D043BF}
		{2349144E-B699-429D-BEC3-CC37ECBD7F6A} = {CFDE77EF-8C1A-405B-9993-065A03D043BF}
		{448BCFC5-5566-4E28-B6D5-1C102F7A474A} = {CFDE77EF-8C1A-405B-9993-065A03D043BF}
		{84CECCFF-7292-43F4-AFC8-53800FA4A226} = {CFDE77EF-8C1A-405B-9993-065A03D043BF}
		{FDF7B324-C4B3-4BFD-9F30-6FDDFC2A1BD7} = {CFDE77EF-8C1A-405B-9993-065A03D043BF}
	EndGlobalSection
EndGlobal
